
Microsoft Visual Studio Solution File, Format Version 12.00
# Visual Studio 15
VisualStudioVersion = 15.0.28307.645
MinimumVisualStudioVersion = 10.0.40219.1
Project("{FAE04EC0-301F-11D3-BF4B-00C04F79EFBC}") = "GESTION", "GESTION\GESTION.csproj", "{4C0C2E07-284D-4811-A471-A0E7EE56A53A}"
EndProject
Project("{FAE04EC0-301F-11D3-BF4B-00C04F79EFBC}") = "Entidades.Gestion", "Entidades.Gestion\Entidades.Gestion.csproj", "{6AE759CD-0E95-4BFE-B7F5-494025D83BE4}"
EndProject
Project("{FAE04EC0-301F-11D3-BF4B-00C04F79EFBC}") = "Gestion.CapadeDatos", "Gestion.CapadeDatos\Gestion.CapadeDatos.csproj", "{34B4CCC5-6F0C-450E-97B0-34F392F12355}"
EndProject
Global
	GlobalSection(SolutionConfigurationPlatforms) = preSolution
		Debug|Any CPU = Debug|Any CPU
		Release|Any CPU = Release|Any CPU
	EndGlobalSection
	GlobalSection(ProjectConfigurationPlatforms) = postSolution
		{4C0C2E07-284D-4811-A471-A0E7EE56A53A}.Debug|Any CPU.ActiveCfg = Debug|Any CPU
		{4C0C2E07-284D-4811-A471-A0E7EE56A53A}.Debug|Any CPU.Build.0 = Debug|Any CPU
		{4C0C2E07-284D-4811-A471-A0E7EE56A53A}.Release|Any CPU.ActiveCfg = Release|Any CPU
		{4C0C2E07-284D-4811-A471-A0E7EE56A53A}.Release|Any CPU.Build.0 = Release|Any CPU
		{6AE759CD-0E95-4BFE-B7F5-494025D83BE4}.Debug|Any CPU.ActiveCfg = Debug|Any CPU
		{6AE759CD-0E95-4BFE-B7F5-494025D83BE4}.Debug|Any CPU.Build.0 = Debug|Any CPU
		{6AE759CD-0E95-4BFE-B7F5-494025D83BE4}.Release|Any CPU.ActiveCfg = Release|Any CPU
		{6AE759CD-0E95-4BFE-B7F5-494025D83BE4}.Release|Any CPU.Build.0 = Release|Any CPU
		{34B4CCC5-6F0C-450E-97B0-34F392F12355}.Debug|Any CPU.ActiveCfg = Debug|Any CPU
		{34B4CCC5-6F0C-450E-97B0-34F392F12355}.Debug|Any CPU.Build.0 = Debug|Any CPU
		{34B4CCC5-6F0C-450E-97B0-34F392F12355}.Release|Any CPU.ActiveCfg = Release|Any CPU
		{34B4CCC5-6F0C-450E-97B0-34F392F12355}.Release|Any CPU.Build.0 = Release|Any CPU
	EndGlobalSection
	GlobalSection(SolutionProperties) = preSolution
		HideSolutionNode = FALSE
	EndGlobalSection
	GlobalSection(ExtensibilityGlobals) = postSolution
		SolutionGuid = {3910275A-06A4-4AC6-827B-2B338334640F}
	EndGlobalSection
	GlobalSection(Performance) = preSolution
		HasPerformanceSessions = true
	EndGlobalSection
EndGlobal
